
Microsoft Visual Studio Solution File, Format Version 12.00
# Visual Studio Version 17
VisualStudioVersion = 17.14.36518.9 d17.14
MinimumVisualStudioVersion = 10.0.40219.1
Project("{FAE04EC0-301F-11D3-BF4B-00C04F79EFBC}") = "Snake", "Snake\Snake.csproj", "{38F5DFC6-C699-4D3E-8B38-36CD81A0FB33}"
EndProject
Global
	GlobalSection(SolutionConfigurationPlatforms) = preSolution
		Debug|Any CPU = Debug|Any CPU
		Release|Any CPU = Release|Any CPU
	EndGlobalSection
	GlobalSection(ProjectConfigurationPlatforms) = postSolution
		{38F5DFC6-C699-4D3E-8B38-36CD81A0FB33}.Debug|Any CPU.ActiveCfg = Debug|Any CPU
		{38F5DFC6-C699-4D3E-8B38-36CD81A0FB33}.Debug|Any CPU.Build.0 = Debug|Any CPU
		{38F5DFC6-C699-4D3E-8B38-36CD81A0FB33}.Release|Any CPU.ActiveCfg = Release|Any CPU
		{38F5DFC6-C699-4D3E-8B38-36CD81A0FB33}.Release|Any CPU.Build.0 = Release|Any CPU
	EndGlobalSection
	GlobalSection(SolutionProperties) = preSolution
		HideSolutionNode = FALSE
	EndGlobalSection
	GlobalSection(ExtensibilityGlobals) = postSolution
		SolutionGuid = {06249B0D-CEBB-4919-BFD5-0636E83AAC0E}
	EndGlobalSection
EndGlobal
